
Microsoft Visual Studio Solution File, Format Version 12.00
# Visual Studio Version 17
VisualStudioVersion = 17.0.31903.59
MinimumVisualStudioVersion = 10.0.40219.1
Project("{2150E333-8FDC-42A3-9474-1A3956D46DE8}") = "src", "src", "{26ACF37D-F298-419B-860A-FD45EEF01AA3}"
EndProject
Project("{FAE04EC0-301F-11D3-BF4B-00C04F79EFBC}") = "AirsoftPlanner.Core", "src\AirsoftPlanner.Core\AirsoftPlanner.Core.csproj", "{1889B55F-AD7F-492A-B790-29BCB3D29616}"
EndProject
Project("{FAE04EC0-301F-11D3-BF4B-00C04F79EFBC}") = "AirsoftPlanner.Data", "src\AirsoftPlanner.Data\AirsoftPlanner.Data.csproj", "{F4FDAA54-6FB5-49DF-8F9B-106B39C4BEB8}"
EndProject
Project("{FAE04EC0-301F-11D3-BF4B-00C04F79EFBC}") = "AirsoftPlanner.App", "src\AirsoftPlanner.App\AirsoftPlanner.App.csproj", "{15D83EB9-383F-4F2C-A623-6040AF6817E6}"
EndProject
Project("{2150E333-8FDC-42A3-9474-1A3956D46DE8}") = "tests", "tests", "{C1F7CDB8-857C-45BD-8241-8B4A1BAEA1E0}"
EndProject
Project("{FAE04EC0-301F-11D3-BF4B-00C04F79EFBC}") = "AirsoftPlanner.Core.Tests", "tests\AirsoftPlanner.Core.Tests\AirsoftPlanner.Core.Tests.csproj", "{A15AE1E8-787D-4EC1-B741-44F370186AE3}"
EndProject
Global
	GlobalSection(SolutionConfigurationPlatforms) = preSolution
		Debug|Any CPU = Debug|Any CPU
		Release|Any CPU = Release|Any CPU
	EndGlobalSection
	GlobalSection(SolutionProperties) = preSolution
		HideSolutionNode = FALSE
	EndGlobalSection
	GlobalSection(ProjectConfigurationPlatforms) = postSolution
		{1889B55F-AD7F-492A-B790-29BCB3D29616}.Debug|Any CPU.ActiveCfg = Debug|Any CPU
		{1889B55F-AD7F-492A-B790-29BCB3D29616}.Debug|Any CPU.Build.0 = Debug|Any CPU
		{1889B55F-AD7F-492A-B790-29BCB3D29616}.Release|Any CPU.ActiveCfg = Release|Any CPU
		{1889B55F-AD7F-492A-B790-29BCB3D29616}.Release|Any CPU.Build.0 = Release|Any CPU
		{F4FDAA54-6FB5-49DF-8F9B-106B39C4BEB8}.Debug|Any CPU.ActiveCfg = Debug|Any CPU
		{F4FDAA54-6FB5-49DF-8F9B-106B39C4BEB8}.Debug|Any CPU.Build.0 = Debug|Any CPU
		{F4FDAA54-6FB5-49DF-8F9B-106B39C4BEB8}.Release|Any CPU.ActiveCfg = Release|Any CPU
		{F4FDAA54-6FB5-49DF-8F9B-106B39C4BEB8}.Release|Any CPU.Build.0 = Release|Any CPU
		{15D83EB9-383F-4F2C-A623-6040AF6817E6}.Debug|Any CPU.ActiveCfg = Debug|Any CPU
		{15D83EB9-383F-4F2C-A623-6040AF6817E6}.Debug|Any CPU.Build.0 = Debug|Any CPU
		{15D83EB9-383F-4F2C-A623-6040AF6817E6}.Release|Any CPU.ActiveCfg = Release|Any CPU
		{15D83EB9-383F-4F2C-A623-6040AF6817E6}.Release|Any CPU.Build.0 = Release|Any CPU
		{A15AE1E8-787D-4EC1-B741-44F370186AE3}.Debug|Any CPU.ActiveCfg = Debug|Any CPU
		{A15AE1E8-787D-4EC1-B741-44F370186AE3}.Debug|Any CPU.Build.0 = Debug|Any CPU
		{A15AE1E8-787D-4EC1-B741-44F370186AE3}.Release|Any CPU.ActiveCfg = Release|Any CPU
		{A15AE1E8-787D-4EC1-B741-44F370186AE3}.Release|Any CPU.Build.0 = Release|Any CPU
	EndGlobalSection
	GlobalSection(NestedProjects) = preSolution
		{1889B55F-AD7F-492A-B790-29BCB3D29616} = {26ACF37D-F298-419B-860A-FD45EEF01AA3}
		{F4FDAA54-6FB5-49DF-8F9B-106B39C4BEB8} = {26ACF37D-F298-419B-860A-FD45EEF01AA3}
		{15D83EB9-383F-4F2C-A623-6040AF6817E6} = {26ACF37D-F298-419B-860A-FD45EEF01AA3}
		{A15AE1E8-787D-4EC1-B741-44F370186AE3} = {C1F7CDB8-857C-45BD-8241-8B4A1BAEA1E0}
	EndGlobalSection
EndGlobal
